
Microsoft Visual Studio Solution File, Format Version 12.00
# Visual Studio Express 2012 for Windows Desktop
Project("{F184B08F-C81C-45F6-A57F-5ABD9991F28F}") = "GameManager", "GameManager\GameManager.vbproj", "{0526CA6B-17A7-4688-B399-61B3D60486AE}"
EndProject
Global
	GlobalSection(SolutionConfigurationPlatforms) = preSolution
		Debug|Any CPU = Debug|Any CPU
		Release|Any CPU = Release|Any CPU
	EndGlobalSection
	GlobalSection(ProjectConfigurationPlatforms) = postSolution
		{0526CA6B-17A7-4688-B399-61B3D60486AE}.Debug|Any CPU.ActiveCfg = Debug|Any CPU
		{0526CA6B-17A7-4688-B399-61B3D60486AE}.Debug|Any CPU.Build.0 = Debug|Any CPU
		{0526CA6B-17A7-4688-B399-61B3D60486AE}.Release|Any CPU.ActiveCfg = Release|Any CPU
		{0526CA6B-17A7-4688-B399-61B3D60486AE}.Release|Any CPU.Build.0 = Release|Any CPU
	EndGlobalSection
	GlobalSection(SolutionProperties) = preSolution
		HideSolutionNode = FALSE
	EndGlobalSection
EndGlobal
